dependencies:
  '@types/node-fetch': 2.5.4
  '@types/ws': 7.2.4
  discord.js: 12.1.1
  form-data: 3.0.0
  node-fetch: 2.6.0
  typescript: 3.8.2
devDependencies:
  '@types/node': 13.7.4
lockfileVersion: 5.1
packages:
  /@discordjs/collection/0.1.5:
    dev: false
    resolution:
      integrity: sha512-CU1q0UXQUpFNzNB7gufgoisDHP7n+T3tkqTsp3MNUkVJ5+hS3BCvME8uCXAUFlz+6T2FbTCu75A+yQ7HMKqRKw==
  /@types/node-fetch/2.5.4:
    dependencies:
      '@types/node': 13.7.4
    dev: false
    resolution:
      integrity: sha512-Oz6id++2qAOFuOlE1j0ouk1dzl3mmI1+qINPNBhi9nt/gVOz0G+13Ao6qjhdF0Ys+eOkhu6JnFmt38bR3H0POQ==
  /@types/node/13.11.1:
    dev: false
    resolution:
      integrity: sha512-eWQGP3qtxwL8FGneRrC5DwrJLGN4/dH1clNTuLfN81HCrxVtxRjygDTUoZJ5ASlDEeo0ppYFQjQIlXhtXpOn6g==
  /@types/node/13.7.4:
    resolution:
      integrity: sha512-oVeL12C6gQS/GAExndigSaLxTrKpQPxewx9bOcwfvJiJge4rr7wNaph4J+ns5hrmIV2as5qxqN8YKthn9qh0jw==
  /@types/ws/7.2.4:
    dependencies:
      '@types/node': 13.11.1
    dev: false
    resolution:
      integrity: sha512-9S6Ask71vujkVyeEXKxjBSUV8ZUB0mjL5la4IncBoheu04bDaYyUKErh1BQcY9+WzOUOiKqz/OnpJHYckbMfNg==
  /abort-controller/3.0.0:
    dependencies:
      event-target-shim: 5.0.1
    dev: false
    engines:
      node: '>=6.5'
    resolution:
      integrity: sha512-h8lQ8tacZYnR3vNQTgibj+tODHI5/+l06Au2Pcriv/Gmet0eaj4TwWH41sO9wnHDiQsEj19q0drzdWdeAHtweg==
  /asynckit/0.4.0:
    dev: false
    resolution:
      integrity: sha1-x57Zf380y48robyXkLzDZkdLS3k=
  /combined-stream/1.0.8:
    dependencies:
      delayed-stream: 1.0.0
    dev: false
    engines:
      node: '>= 0.8'
    resolution:
      integrity: sha512-FQN4MRfuJeHf7cBbBMJFXhKSDq+2kAArBlmRBvcvFE5BB1HZKXtSFASDhdlz9zOYwxh8lDdnvmMOe/+5cdoEdg==
  /delayed-stream/1.0.0:
    dev: false
    engines:
      node: '>=0.4.0'
    resolution:
      integrity: sha1-3zrhmayt+31ECqrgsp4icrJOxhk=
  /discord.js/12.1.1:
    dependencies:
      '@discordjs/collection': 0.1.5
      abort-controller: 3.0.0
      form-data: 3.0.0
      node-fetch: 2.6.0
      prism-media: 1.2.1
      setimmediate: 1.0.5
      tweetnacl: 1.0.3
      ws: 7.2.3
    dev: false
    engines:
      node: '>=12.0.0'
    peerDependencies:
      bufferutil: ^4.0.1
      erlpack: discordapp/erlpack
      libsodium-wrappers: ^0.7.6
      sodium: ^3.0.2
      utf-8-validate: ^5.0.2
      zlib-sync: ^0.1.6
    peerDependenciesMeta:
      bufferutil:
        optional: true
      erlpack:
        optional: true
      libsodium-wrappers:
        optional: true
      sodium:
        optional: true
      utf-8-validate:
        optional: true
      zlib-sync:
        optional: true
    resolution:
      integrity: sha512-Y6+QfAUZkb9cy27cfNqUigAgYVSKTw9jPF3mN4UDMih3Em3VQ0WjGBdX1UbE8CwFkLOu5XWQSNPdsoStTR8c2Q==
  /event-target-shim/5.0.1:
    dev: false
    engines:
      node: '>=6'
    resolution:
      integrity: sha512-i/2XbnSz/uxRCU6+NdVJgKWDTM427+MqYbkQzD321DuCQJUqOuJKIA0IM2+W2xtYHdKOmZ4dR6fExsd4SXL+WQ==
  /form-data/3.0.0:
    dependencies:
      asynckit: 0.4.0
      combined-stream: 1.0.8
      mime-types: 2.1.26
    dev: false
    engines:
      node: '>= 6'
    resolution:
      integrity: sha512-CKMFDglpbMi6PyN+brwB9Q/GOw0eAnsrEZDgcsH5Krhz5Od/haKHAX0NmQfha2zPPz0JpWzA7GJHGSnvCRLWsg==
  /mime-db/1.43.0:
    dev: false
    engines:
      node: '>= 0.6'
    resolution:
      integrity: sha512-+5dsGEEovYbT8UY9yD7eE4XTc4UwJ1jBYlgaQQF38ENsKR3wj/8q8RFZrF9WIZpB2V1ArTVFUva8sAul1NzRzQ==
  /mime-types/2.1.26:
    dependencies:
      mime-db: 1.43.0
    dev: false
    engines:
      node: '>= 0.6'
    resolution:
      integrity: sha512-01paPWYgLrkqAyrlDorC1uDwl2p3qZT7yl806vW7DvDoxwXi46jsjFbg+WdwotBIk6/MbEhO/dh5aZ5sNj/dWQ==
  /node-fetch/2.6.0:
    dev: false
    engines:
      node: 4.x || >=6.0.0
    resolution:
      integrity: sha512-8dG4H5ujfvFiqDmVu9fQ5bOHUC15JMjMY/Zumv26oOvvVJjM67KF8koCWIabKQ1GJIa9r2mMZscBq/TbdOcmNA==
  /prism-media/1.2.1:
    dev: false
    peerDependencies:
      '@discordjs/opus': ^0.1.0
      ffmpeg-static: ^2.4.0 || ^3.0.0
      node-opus: ^0.3.1
      opusscript: ^0.0.6
    peerDependenciesMeta:
      '@discordjs/opus':
        optional: true
      ffmpeg-static:
        optional: true
      node-opus:
        optional: true
      opusscript:
        optional: true
    resolution:
      integrity: sha512-R3EbKwJiYlTvGwcG1DpUt+06DsxOGS5W4AMEHT7oVOjG93MjpdhGX1whHyjnqknylLMupKAsKMEXcTNRbPe6Vw==
  /setimmediate/1.0.5:
    dev: false
    resolution:
      integrity: sha1-KQy7Iy4waULX1+qbg3Mqt4VvgoU=
  /tweetnacl/1.0.3:
    dev: false
    resolution:
      integrity: sha512-6rt+RN7aOi1nGMyC4Xa5DdYiukl2UWCbcJft7YhxReBGQD7OAM8Pbxw6YMo4r2diNEA8FEmu32YOn9rhaiE5yw==
  /typescript/3.8.2:
    dev: false
    engines:
      node: '>=4.2.0'
    hasBin: true
    resolution:
      integrity: sha512-EgOVgL/4xfVrCMbhYKUQTdF37SQn4Iw73H5BgCrF1Abdun7Kwy/QZsE/ssAy0y4LxBbvua3PIbFsbRczWWnDdQ==
  /ws/7.2.3:
    dev: false
    engines:
      node: '>=8.3.0'
    peerDependencies:
      bufferutil: ^4.0.1
      utf-8-validate: ^5.0.2
    peerDependenciesMeta:
      bufferutil:
        optional: true
      utf-8-validate:
        optional: true
    resolution:
      integrity: sha512-HTDl9G9hbkNDk98naoR/cHDws7+EyYMOdL1BmjsZXRUjf7d+MficC4B7HLUPlSiho0vg+CWKrGIt/VJBd1xunQ==
specifiers:
  '@types/node': ^13.7.0
  '@types/node-fetch': ^2.5.4
  '@types/ws': ^7.2.4
  discord.js: ^12.1.1
  form-data: ^3.0.0
  node-fetch: ^2.6.0
  typescript: ^3.7.5
